// !$*UTF8*$!
{
	archiveVersion = 1;
	classes = {
	};
	objectVersion = 56;
	objects = {

/* Begin PBXBuildFile section */
		C470933929910C4000AC0EA7 /* RMCharacterCollectionViewCell.swift in Sources */ = {isa = PBXBuildFile; fileRef = C470933829910C4000AC0EA7 /* RMCharacterCollectionViewCell.swift */; };
		C470933B29910D2B00AC0EA7 /* RMCharacterCollectionViewCellViewModel.swift in Sources */ = {isa = PBXBuildFile; fileRef = C470933A29910D2B00AC0EA7 /* RMCharacterCollectionViewCellViewModel.swift */; };
		C496391A299046DC002E99E0 /* GetCharactersResponse.swift in Sources */ = {isa = PBXBuildFile; fileRef = C4963919299046DC002E99E0 /* GetCharactersResponse.swift */; };
		C496391C29905146002E99E0 /* RMCharacterListViewModel.swift in Sources */ = {isa = PBXBuildFile; fileRef = C496391B29905146002E99E0 /* RMCharacterListViewModel.swift */; };
		C496391E29905214002E99E0 /* RMCharacterListView.swift in Sources */ = {isa = PBXBuildFile; fileRef = C496391D29905214002E99E0 /* RMCharacterListView.swift */; };
		C496392029905484002E99E0 /* Extensions.swift in Sources */ = {isa = PBXBuildFile; fileRef = C496391F29905484002E99E0 /* Extensions.swift */; };
		C4D4B19F298FF97C00F94440 /* RMService.swift in Sources */ = {isa = PBXBuildFile; fileRef = C4D4B19E298FF97C00F94440 /* RMService.swift */; };
		C4D4B1A1298FF98E00F94440 /* RMRequest.swift in Sources */ = {isa = PBXBuildFile; fileRef = C4D4B1A0298FF98E00F94440 /* RMRequest.swift */; };
		C4D4B1A3298FFA0500F94440 /* RMEndpoint.swift in Sources */ = {isa = PBXBuildFile; fileRef = C4D4B1A2298FFA0500F94440 /* RMEndpoint.swift */; };
		C4D4B1A5298FFC1700F94440 /* RMOrigin.swift in Sources */ = {isa = PBXBuildFile; fileRef = C4D4B1A4298FFC1700F94440 /* RMOrigin.swift */; };
		C4D4B1A7298FFCCF00F94440 /* RMCharacterStatus.swift in Sources */ = {isa = PBXBuildFile; fileRef = C4D4B1A6298FFCCF00F94440 /* RMCharacterStatus.swift */; };
		C4D4B1A9298FFCDC00F94440 /* RMSingleLocation.swift in Sources */ = {isa = PBXBuildFile; fileRef = C4D4B1A8298FFCDC00F94440 /* RMSingleLocation.swift */; };
		C4D4B1AB298FFCED00F94440 /* RMCharacterGender.swift in Sources */ = {isa = PBXBuildFile; fileRef = C4D4B1AA298FFCED00F94440 /* RMCharacterGender.swift */; };
		C4F76433298FE1F30052758D /* AppDelegate.swift in Sources */ = {isa = PBXBuildFile; fileRef = C4F76432298FE1F30052758D /* AppDelegate.swift */; };
		C4F76435298FE1F30052758D /* SceneDelegate.swift in Sources */ = {isa = PBXBuildFile; fileRef = C4F76434298FE1F30052758D /* SceneDelegate.swift */; };
		C4F76437298FE1F30052758D /* RMTabBarController.swift in Sources */ = {isa = PBXBuildFile; fileRef = C4F76436298FE1F30052758D /* RMTabBarController.swift */; };
		C4F7643C298FE1F70052758D /* Assets.xcassets in Resources */ = {isa = PBXBuildFile; fileRef = C4F7643B298FE1F70052758D /* Assets.xcassets */; };
		C4F7643F298FE1F70052758D /* LaunchScreen.storyboard in Resources */ = {isa = PBXBuildFile; fileRef = C4F7643D298FE1F70052758D /* LaunchScreen.storyboard */; };
		C4F7644E298FE4E80052758D /* RMLocation.swift in Sources */ = {isa = PBXBuildFile; fileRef = C4F7644D298FE4E80052758D /* RMLocation.swift */; };
		C4F76450298FE4F10052758D /* RMCharacter.swift in Sources */ = {isa = PBXBuildFile; fileRef = C4F7644F298FE4F00052758D /* RMCharacter.swift */; };
		C4F76452298FE4F60052758D /* RMEpisode.swift in Sources */ = {isa = PBXBuildFile; fileRef = C4F76451298FE4F60052758D /* RMEpisode.swift */; };
		C4F76455298FE55B0052758D /* RMCharacterViewController.swift in Sources */ = {isa = PBXBuildFile; fileRef = C4F76454298FE55A0052758D /* RMCharacterViewController.swift */; };
		C4F76457298FE5660052758D /* RMLocationViewController.swift in Sources */ = {isa = PBXBuildFile; fileRef = C4F76456298FE5660052758D /* RMLocationViewController.swift */; };
		C4F76459298FE5730052758D /* RMEpisodeViewController.swift in Sources */ = {isa = PBXBuildFile; fileRef = C4F76458298FE5730052758D /* RMEpisodeViewController.swift */; };
		C4F7645B298FE57B0052758D /* RMSettingsViewController.swift in Sources */ = {isa = PBXBuildFile; fileRef = C4F7645A298FE57B0052758D /* RMSettingsViewController.swift */; };
/* End PBXBuildFile section */

/* Begin PBXFileReference section */
		C470933829910C4000AC0EA7 /* RMCharacterCollectionViewCell.swift */ = {isa = PBXFileReference; lastKnownFileType = sourcecode.swift; path = RMCharacterCollectionViewCell.swift; sourceTree = "<group>"; };
		C470933A29910D2B00AC0EA7 /* RMCharacterCollectionViewCellViewModel.swift */ = {isa = PBXFileReference; lastKnownFileType = sourcecode.swift; path = RMCharacterCollectionViewCellViewModel.swift; sourceTree = "<group>"; };
		C4963919299046DC002E99E0 /* GetCharactersResponse.swift */ = {isa = PBXFileReference; lastKnownFileType = sourcecode.swift; path = GetCharactersResponse.swift; sourceTree = "<group>"; };
		C496391B29905146002E99E0 /* RMCharacterListViewModel.swift */ = {isa = PBXFileReference; lastKnownFileType = sourcecode.swift; path = RMCharacterListViewModel.swift; sourceTree = "<group>"; };
		C496391D29905214002E99E0 /* RMCharacterListView.swift */ = {isa = PBXFileReference; lastKnownFileType = sourcecode.swift; path = RMCharacterListView.swift; sourceTree = "<group>"; };
		C496391F29905484002E99E0 /* Extensions.swift */ = {isa = PBXFileReference; lastKnownFileType = sourcecode.swift; path = Extensions.swift; sourceTree = "<group>"; };
		C4D4B19E298FF97C00F94440 /* RMService.swift */ = {isa = PBXFileReference; lastKnownFileType = sourcecode.swift; path = RMService.swift; sourceTree = "<group>"; };
		C4D4B1A0298FF98E00F94440 /* RMRequest.swift */ = {isa = PBXFileReference; lastKnownFileType = sourcecode.swift; path = RMRequest.swift; sourceTree = "<group>"; };
		C4D4B1A2298FFA0500F94440 /* RMEndpoint.swift */ = {isa = PBXFileReference; lastKnownFileType = sourcecode.swift; path = RMEndpoint.swift; sourceTree = "<group>"; };
		C4D4B1A4298FFC1700F94440 /* RMOrigin.swift */ = {isa = PBXFileReference; lastKnownFileType = sourcecode.swift; path = RMOrigin.swift; sourceTree = "<group>"; };
		C4D4B1A6298FFCCF00F94440 /* RMCharacterStatus.swift */ = {isa = PBXFileReference; lastKnownFileType = sourcecode.swift; path = RMCharacterStatus.swift; sourceTree = "<group>"; };
		C4D4B1A8298FFCDC00F94440 /* RMSingleLocation.swift */ = {isa = PBXFileReference; lastKnownFileType = sourcecode.swift; path = RMSingleLocation.swift; sourceTree = "<group>"; };
		C4D4B1AA298FFCED00F94440 /* RMCharacterGender.swift */ = {isa = PBXFileReference; lastKnownFileType = sourcecode.swift; path = RMCharacterGender.swift; sourceTree = "<group>"; };
		C4F7642F298FE1F30052758D /* RickMorty.app */ = {isa = PBXFileReference; explicitFileType = wrapper.application; includeInIndex = 0; path = RickMorty.app; sourceTree = BUILT_PRODUCTS_DIR; };
		C4F76432298FE1F30052758D /* AppDelegate.swift */ = {isa = PBXFileReference; lastKnownFileType = sourcecode.swift; path = AppDelegate.swift; sourceTree = "<group>"; };
		C4F76434298FE1F30052758D /* SceneDelegate.swift */ = {isa = PBXFileReference; lastKnownFileType = sourcecode.swift; path = SceneDelegate.swift; sourceTree = "<group>"; };
		C4F76436298FE1F30052758D /* RMTabBarController.swift */ = {isa = PBXFileReference; lastKnownFileType = sourcecode.swift; path = RMTabBarController.swift; sourceTree = "<group>"; };
		C4F7643B298FE1F70052758D /* Assets.xcassets */ = {isa = PBXFileReference; lastKnownFileType = folder.assetcatalog; path = Assets.xcassets; sourceTree = "<group>"; };
		C4F7643E298FE1F70052758D /* Base */ = {isa = PBXFileReference; lastKnownFileType = file.storyboard; name = Base; path = Base.lproj/LaunchScreen.storyboard; sourceTree = "<group>"; };
		C4F76440298FE1F70052758D /* Info.plist */ = {isa = PBXFileReference; lastKnownFileType = text.plist.xml; path = Info.plist; sourceTree = "<group>"; };
		C4F7644D298FE4E80052758D /* RMLocation.swift */ = {isa = PBXFileReference; lastKnownFileType = sourcecode.swift; path = RMLocation.swift; sourceTree = "<group>"; };
		C4F7644F298FE4F00052758D /* RMCharacter.swift */ = {isa = PBXFileReference; lastKnownFileType = sourcecode.swift; path = RMCharacter.swift; sourceTree = "<group>"; };
		C4F76451298FE4F60052758D /* RMEpisode.swift */ = {isa = PBXFileReference; lastKnownFileType = sourcecode.swift; path = RMEpisode.swift; sourceTree = "<group>"; };
		C4F76454298FE55A0052758D /* RMCharacterViewController.swift */ = {isa = PBXFileReference; lastKnownFileType = sourcecode.swift; path = RMCharacterViewController.swift; sourceTree = "<group>"; };
		C4F76456298FE5660052758D /* RMLocationViewController.swift */ = {isa = PBXFileReference; lastKnownFileType = sourcecode.swift; path = RMLocationViewController.swift; sourceTree = "<group>"; };
		C4F76458298FE5730052758D /* RMEpisodeViewController.swift */ = {isa = PBXFileReference; lastKnownFileType = sourcecode.swift; path = RMEpisodeViewController.swift; sourceTree = "<group>"; };
		C4F7645A298FE57B0052758D /* RMSettingsViewController.swift */ = {isa = PBXFileReference; lastKnownFileType = sourcecode.swift; path = RMSettingsViewController.swift; sourceTree = "<group>"; };
/* End PBXFileReference section */

/* Begin PBXFrameworksBuildPhase section */
		C4F7642C298FE1F30052758D /* Frameworks */ = {
			isa = PBXFrameworksBuildPhase;
			buildActionMask = 2147483647;
			files = (
			);
			runOnlyForDeploymentPostprocessing = 0;
		};
/* End PBXFrameworksBuildPhase section */

/* Begin PBXGroup section */
		C4963917299046BD002E99E0 /* DataTypes */ = {
			isa = PBXGroup;
			children = (
				C4F7644D298FE4E80052758D /* RMLocation.swift */,
				C4D4B1AA298FFCED00F94440 /* RMCharacterGender.swift */,
				C4D4B1A8298FFCDC00F94440 /* RMSingleLocation.swift */,
				C4D4B1A4298FFC1700F94440 /* RMOrigin.swift */,
				C4F7644F298FE4F00052758D /* RMCharacter.swift */,
				C4F76451298FE4F60052758D /* RMEpisode.swift */,
				C4D4B1A6298FFCCF00F94440 /* RMCharacterStatus.swift */,
			);
			path = DataTypes;
			sourceTree = "<group>";
		};
		C4963918299046C9002E99E0 /* APIResponseTypes */ = {
			isa = PBXGroup;
			children = (
				C4963919299046DC002E99E0 /* GetCharactersResponse.swift */,
			);
			path = APIResponseTypes;
			sourceTree = "<group>";
		};
		C4F76426298FE1F30052758D = {
			isa = PBXGroup;
			children = (
				C4F76431298FE1F30052758D /* RickMorty */,
				C4F76430298FE1F30052758D /* Products */,
			);
			sourceTree = "<group>";
		};
		C4F76430298FE1F30052758D /* Products */ = {
			isa = PBXGroup;
			children = (
				C4F7642F298FE1F30052758D /* RickMorty.app */,
			);
			name = Products;
			sourceTree = "<group>";
		};
		C4F76431298FE1F30052758D /* RickMorty */ = {
			isa = PBXGroup;
			children = (
				C4F76446298FE4220052758D /* ViewModels */,
				C4F7644C298FE4640052758D /* Resources */,
				C4F7644B298FE45D0052758D /* Managers */,
				C4F7644A298FE4500052758D /* ApiClient */,
				C4F76449298FE4420052758D /* Controllers */,
				C4F76448298FE43C0052758D /* Models */,
				C4F76447298FE4310052758D /* Views */,
				C4F76440298FE1F70052758D /* Info.plist */,
			);
			path = RickMorty;
			sourceTree = "<group>";
		};
		C4F76446298FE4220052758D /* ViewModels */ = {
			isa = PBXGroup;
			children = (
				C496391B29905146002E99E0 /* RMCharacterListViewModel.swift */,
				C470933A29910D2B00AC0EA7 /* RMCharacterCollectionViewCellViewModel.swift */,
			);
			path = ViewModels;
			sourceTree = "<group>";
		};
		C4F76447298FE4310052758D /* Views */ = {
			isa = PBXGroup;
			children = (
				C496391D29905214002E99E0 /* RMCharacterListView.swift */,
				C470933829910C4000AC0EA7 /* RMCharacterCollectionViewCell.swift */,
			);
			path = Views;
			sourceTree = "<group>";
		};
		C4F76448298FE43C0052758D /* Models */ = {
			isa = PBXGroup;
			children = (
				C4963918299046C9002E99E0 /* APIResponseTypes */,
				C4963917299046BD002E99E0 /* DataTypes */,
			);
			path = Models;
			sourceTree = "<group>";
		};
		C4F76449298FE4420052758D /* Controllers */ = {
			isa = PBXGroup;
			children = (
				C4F76436298FE1F30052758D /* RMTabBarController.swift */,
				C4F76453298FE5330052758D /* Core */,
			);
			path = Controllers;
			sourceTree = "<group>";
		};
		C4F7644A298FE4500052758D /* ApiClient */ = {
			isa = PBXGroup;
			children = (
				C4D4B19E298FF97C00F94440 /* RMService.swift */,
				C4D4B1A2298FFA0500F94440 /* RMEndpoint.swift */,
				C4D4B1A0298FF98E00F94440 /* RMRequest.swift */,
			);
			path = ApiClient;
			sourceTree = "<group>";
		};
		C4F7644B298FE45D0052758D /* Managers */ = {
			isa = PBXGroup;
			children = (
			);
			path = Managers;
			sourceTree = "<group>";
		};
		C4F7644C298FE4640052758D /* Resources */ = {
			isa = PBXGroup;
			children = (
				C4F7643B298FE1F70052758D /* Assets.xcassets */,
				C4F76432298FE1F30052758D /* AppDelegate.swift */,
				C4F76434298FE1F30052758D /* SceneDelegate.swift */,
				C496391F29905484002E99E0 /* Extensions.swift */,
				C4F7643D298FE1F70052758D /* LaunchScreen.storyboard */,
			);
			path = Resources;
			sourceTree = "<group>";
		};
		C4F76453298FE5330052758D /* Core */ = {
			isa = PBXGroup;
			children = (
				C4F76454298FE55A0052758D /* RMCharacterViewController.swift */,
				C4F76456298FE5660052758D /* RMLocationViewController.swift */,
				C4F76458298FE5730052758D /* RMEpisodeViewController.swift */,
				C4F7645A298FE57B0052758D /* RMSettingsViewController.swift */,
			);
			path = Core;
			sourceTree = "<group>";
		};
/* End PBXGroup section */

/* Begin PBXNativeTarget section */
		C4F7642E298FE1F30052758D /* RickMorty */ = {
			isa = PBXNativeTarget;
			buildConfigurationList = C4F76443298FE1F70052758D /* Build configuration list for PBXNativeTarget "RickMorty" */;
			buildPhases = (
				C4F7642B298FE1F30052758D /* Sources */,
				C4F7642C298FE1F30052758D /* Frameworks */,
				C4F7642D298FE1F30052758D /* Resources */,
			);
			buildRules = (
			);
			dependencies = (
			);
			name = RickMorty;
			productName = RickMorty;
			productReference = C4F7642F298FE1F30052758D /* RickMorty.app */;
			productType = "com.apple.product-type.application";
		};
/* End PBXNativeTarget section */

/* Begin PBXProject section */
		C4F76427298FE1F30052758D /* Project object */ = {
			isa = PBXProject;
			attributes = {
				BuildIndependentTargetsInParallel = 1;
				LastSwiftUpdateCheck = 1420;
				LastUpgradeCheck = 1420;
				TargetAttributes = {
					C4F7642E298FE1F30052758D = {
						CreatedOnToolsVersion = 14.2;
					};
				};
			};
			buildConfigurationList = C4F7642A298FE1F30052758D /* Build configuration list for PBXProject "RickMorty" */;
			compatibilityVersion = "Xcode 14.0";
			developmentRegion = en;
			hasScannedForEncodings = 0;
			knownRegions = (
				en,
				Base,
			);
			mainGroup = C4F76426298FE1F30052758D;
			productRefGroup = C4F76430298FE1F30052758D /* Products */;
			projectDirPath = "";
			projectRoot = "";
			targets = (
				C4F7642E298FE1F30052758D /* RickMorty */,
			);
		};
/* End PBXProject section */

/* Begin PBXResourcesBuildPhase section */
		C4F7642D298FE1F30052758D /* Resources */ = {
			isa = PBXResourcesBuildPhase;
			buildActionMask = 2147483647;
			files = (
				C4F7643F298FE1F70052758D /* LaunchScreen.storyboard in Resources */,
				C4F7643C298FE1F70052758D /* Assets.xcassets in Resources */,
			);
			runOnlyForDeploymentPostprocessing = 0;
		};
/* End PBXResourcesBuildPhase section */

/* Begin PBXSourcesBuildPhase section */
		C4F7642B298FE1F30052758D /* Sources */ = {
			isa = PBXSourcesBuildPhase;
			buildActionMask = 2147483647;
			files = (
				C4F76457298FE5660052758D /* RMLocationViewController.swift in Sources */,
				C4F76452298FE4F60052758D /* RMEpisode.swift in Sources */,
				C496391E29905214002E99E0 /* RMCharacterListView.swift in Sources */,
				C4F76437298FE1F30052758D /* RMTabBarController.swift in Sources */,
				C4D4B1AB298FFCED00F94440 /* RMCharacterGender.swift in Sources */,
				C4F76459298FE5730052758D /* RMEpisodeViewController.swift in Sources */,
				C4F76433298FE1F30052758D /* AppDelegate.swift in Sources */,
				C4D4B1A7298FFCCF00F94440 /* RMCharacterStatus.swift in Sources */,
				C4D4B1A5298FFC1700F94440 /* RMOrigin.swift in Sources */,
				C470933929910C4000AC0EA7 /* RMCharacterCollectionViewCell.swift in Sources */,
				C4F76435298FE1F30052758D /* SceneDelegate.swift in Sources */,
				C4F7645B298FE57B0052758D /* RMSettingsViewController.swift in Sources */,
				C4D4B19F298FF97C00F94440 /* RMService.swift in Sources */,
				C4F7644E298FE4E80052758D /* RMLocation.swift in Sources */,
				C496392029905484002E99E0 /* Extensions.swift in Sources */,
				C4D4B1A9298FFCDC00F94440 /* RMSingleLocation.swift in Sources */,
				C4D4B1A3298FFA0500F94440 /* RMEndpoint.swift in Sources */,
				C4F76450298FE4F10052758D /* RMCharacter.swift in Sources */,
				C4D4B1A1298FF98E00F94440 /* RMRequest.swift in Sources */,
				C470933B29910D2B00AC0EA7 /* RMCharacterCollectionViewCellViewModel.swift in Sources */,
				C4F76455298FE55B0052758D /* RMCharacterViewController.swift in Sources */,
				C496391A299046DC002E99E0 /* GetCharactersResponse.swift in Sources */,
				C496391C29905146002E99E0 /* RMCharacterListViewModel.swift in Sources */,
			);
			runOnlyForDeploymentPostprocessing = 0;
		};
/* End PBXSourcesBuildPhase section */

/* Begin PBXVariantGroup section */
		C4F7643D298FE1F70052758D /* LaunchScreen.storyboard */ = {
			isa = PBXVariantGroup;
			children = (
				C4F7643E298FE1F70052758D /* Base */,
			);
			name = LaunchScreen.storyboard;
			sourceTree = "<group>";
		};
/* End PBXVariantGroup section */

/* Begin XCBuildConfiguration section */
		C4F76441298FE1F70052758D /* Debug */ = {
			isa = XCBuildConfiguration;
			buildSettings = {
				ALWAYS_SEARCH_USER_PATHS = NO;
				CLANG_ANALYZER_NONNULL = YES;
				CLANG_ANALYZER_NUMBER_OBJECT_CONVERSION = YES_AGGRESSIVE;
				CLANG_CXX_LANGUAGE_STANDARD = "gnu++20";
				CLANG_ENABLE_MODULES = YES;
				CLANG_ENABLE_OBJC_ARC = YES;
				CLANG_ENABLE_OBJC_WEAK = YES;
				CLANG_WARN_BLOCK_CAPTURE_AUTORELEASING = YES;
				CLANG_WARN_BOOL_CONVERSION = YES;
				CLANG_WARN_COMMA = YES;
				CLANG_WARN_CONSTANT_CONVERSION = YES;
				CLANG_WARN_DEPRECATED_OBJC_IMPLEMENTATIONS = YES;
				CLANG_WARN_DIRECT_OBJC_ISA_USAGE = YES_ERROR;
				CLANG_WARN_DOCUMENTATION_COMMENTS = YES;
				CLANG_WARN_EMPTY_BODY = YES;
				CLANG_WARN_ENUM_CONVERSION = YES;
				CLANG_WARN_INFINITE_RECURSION = YES;
				CLANG_WARN_INT_CONVERSION = YES;
				CLANG_WARN_NON_LITERAL_NULL_CONVERSION = YES;
				CLANG_WARN_OBJC_IMPLICIT_RETAIN_SELF = YES;
				CLANG_WARN_OBJC_LITERAL_CONVERSION = YES;
				CLANG_WARN_OBJC_ROOT_CLASS = YES_ERROR;
				CLANG_WARN_QUOTED_INCLUDE_IN_FRAMEWORK_HEADER = YES;
				CLANG_WARN_RANGE_LOOP_ANALYSIS = YES;
				CLANG_WARN_STRICT_PROTOTYPES = YES;
				CLANG_WARN_SUSPICIOUS_MOVE = YES;
				CLANG_WARN_UNGUARDED_AVAILABILITY = YES_AGGRESSIVE;
				CLANG_WARN_UNREACHABLE_CODE = YES;
				CLANG_WARN__DUPLICATE_METHOD_MATCH = YES;
				COPY_PHASE_STRIP = NO;
				DEBUG_INFORMATION_FORMAT = dwarf;
				ENABLE_STRICT_OBJC_MSGSEND = YES;
				ENABLE_TESTABILITY = YES;
				GCC_C_LANGUAGE_STANDARD = gnu11;
				GCC_DYNAMIC_NO_PIC = NO;
				GCC_NO_COMMON_BLOCKS = YES;
				GCC_OPTIMIZATION_LEVEL = 0;
				GCC_PREPROCESSOR_DEFINITIONS = (
					"DEBUG=1",
					"$(inherited)",
				);
				GCC_WARN_64_TO_32_BIT_CONVERSION = YES;
				GCC_WARN_ABOUT_RETURN_TYPE = YES_ERROR;
				GCC_WARN_UNDECLARED_SELECTOR = YES;
				GCC_WARN_UNINITIALIZED_AUTOS = YES_AGGRESSIVE;
				GCC_WARN_UNUSED_FUNCTION = YES;
				GCC_WARN_UNUSED_VARIABLE = YES;
				IPHONEOS_DEPLOYMENT_TARGET = 16.2;
				MTL_ENABLE_DEBUG_INFO = INCLUDE_SOURCE;
				MTL_FAST_MATH = YES;
				ONLY_ACTIVE_ARCH = YES;
				SDKROOT = iphoneos;
				SWIFT_ACTIVE_COMPILATION_CONDITIONS = DEBUG;
				SWIFT_OPTIMIZATION_LEVEL = "-Onone";
			};
			name = Debug;
		};
		C4F76442298FE1F70052758D /* Release */ = {
			isa = XCBuildConfiguration;
			buildSettings = {
				ALWAYS_SEARCH_USER_PATHS = NO;
				CLANG_ANALYZER_NONNULL = YES;
				CLANG_ANALYZER_NUMBER_OBJECT_CONVERSION = YES_AGGRESSIVE;
				CLANG_CXX_LANGUAGE_STANDARD = "gnu++20";
				CLANG_ENABLE_MODULES = YES;
				CLANG_ENABLE_OBJC_ARC = YES;
				CLANG_ENABLE_OBJC_WEAK = YES;
				CLANG_WARN_BLOCK_CAPTURE_AUTORELEASING = YES;
				CLANG_WARN_BOOL_CONVERSION = YES;
				CLANG_WARN_COMMA = YES;
				CLANG_WARN_CONSTANT_CONVERSION = YES;
				CLANG_WARN_DEPRECATED_OBJC_IMPLEMENTATIONS = YES;
				CLANG_WARN_DIRECT_OBJC_ISA_USAGE = YES_ERROR;
				CLANG_WARN_DOCUMENTATION_COMMENTS = YES;
				CLANG_WARN_EMPTY_BODY = YES;
				CLANG_WARN_ENUM_CONVERSION = YES;
				CLANG_WARN_INFINITE_RECURSION = YES;
				CLANG_WARN_INT_CONVERSION = YES;
				CLANG_WARN_NON_LITERAL_NULL_CONVERSION = YES;
				CLANG_WARN_OBJC_IMPLICIT_RETAIN_SELF = YES;
				CLANG_WARN_OBJC_LITERAL_CONVERSION = YES;
				CLANG_WARN_OBJC_ROOT_CLASS = YES_ERROR;
				CLANG_WARN_QUOTED_INCLUDE_IN_FRAMEWORK_HEADER = YES;
				CLANG_WARN_RANGE_LOOP_ANALYSIS = YES;
				CLANG_WARN_STRICT_PROTOTYPES = YES;
				CLANG_WARN_SUSPICIOUS_MOVE = YES;
				CLANG_WARN_UNGUARDED_AVAILABILITY = YES_AGGRESSIVE;
				CLANG_WARN_UNREACHABLE_CODE = YES;
				CLANG_WARN__DUPLICATE_METHOD_MATCH = YES;
				COPY_PHASE_STRIP = NO;
				DEBUG_INFORMATION_FORMAT = "dwarf-with-dsym";
				ENABLE_NS_ASSERTIONS = NO;
				ENABLE_STRICT_OBJC_MSGSEND = YES;
				GCC_C_LANGUAGE_STANDARD = gnu11;
				GCC_NO_COMMON_BLOCKS = YES;
				GCC_WARN_64_TO_32_BIT_CONVERSION = YES;
				GCC_WARN_ABOUT_RETURN_TYPE = YES_ERROR;
				GCC_WARN_UNDECLARED_SELECTOR = YES;
				GCC_WARN_UNINITIALIZED_AUTOS = YES_AGGRESSIVE;
				GCC_WARN_UNUSED_FUNCTION = YES;
				GCC_WARN_UNUSED_VARIABLE = YES;
				IPHONEOS_DEPLOYMENT_TARGET = 16.2;
				MTL_ENABLE_DEBUG_INFO = NO;
				MTL_FAST_MATH = YES;
				SDKROOT = iphoneos;
				SWIFT_COMPILATION_MODE = wholemodule;
				SWIFT_OPTIMIZATION_LEVEL = "-O";
				VALIDATE_PRODUCT = YES;
			};
			name = Release;
		};
		C4F76444298FE1F70052758D /* Debug */ = {
			isa = XCBuildConfiguration;
			buildSettings = {
				ASSETCATALOG_COMPILER_APPICON_NAME = AppIcon;
				ASSETCATALOG_COMPILER_GLOBAL_ACCENT_COLOR_NAME = AccentColor;
				CODE_SIGN_STYLE = Automatic;
				CURRENT_PROJECT_VERSION = 1;
				DEVELOPMENT_TEAM = 664Y3U97K3;
				GENERATE_INFOPLIST_FILE = YES;
				INFOPLIST_FILE = RickMorty/Info.plist;
				INFOPLIST_KEY_UIApplicationSupportsIndirectInputEvents = YES;
				INFOPLIST_KEY_UILaunchStoryboardName = LaunchScreen;
				INFOPLIST_KEY_UISupportedInterfaceOrientations_iPad = "UIInterfaceOrientationPortrait UIInterfaceOrientationPortraitUpsideDown UIInterfaceOrientationLandscapeLeft UIInterfaceOrientationLandscapeRight";
				INFOPLIST_KEY_UISupportedInterfaceOrientations_iPhone = "UIInterfaceOrientationPortrait UIInterfaceOrientationLandscapeLeft UIInterfaceOrientationLandscapeRight";
				LD_RUNPATH_SEARCH_PATHS = (
					"$(inherited)",
					"@executable_path/Frameworks",
				);
				MARKETING_VERSION = 1.0;
				PRODUCT_BUNDLE_IDENTIFIER = com.nodi.RickMorty;
				PRODUCT_NAME = "$(TARGET_NAME)";
				SWIFT_EMIT_LOC_STRINGS = YES;
				SWIFT_VERSION = 5.0;
				TARGETED_DEVICE_FAMILY = "1,2";
			};
			name = Debug;
		};
		C4F76445298FE1F70052758D /* Release */ = {
			isa = XCBuildConfiguration;
			buildSettings = {
				ASSETCATALOG_COMPILER_APPICON_NAME = AppIcon;
				ASSETCATALOG_COMPILER_GLOBAL_ACCENT_COLOR_NAME = AccentColor;
				CODE_SIGN_STYLE = Automatic;
				CURRENT_PROJECT_VERSION = 1;
				DEVELOPMENT_TEAM = 664Y3U97K3;
				GENERATE_INFOPLIST_FILE = YES;
				INFOPLIST_FILE = RickMorty/Info.plist;
				INFOPLIST_KEY_UIApplicationSupportsIndirectInputEvents = YES;
				INFOPLIST_KEY_UILaunchStoryboardName = LaunchScreen;
				INFOPLIST_KEY_UISupportedInterfaceOrientations_iPad = "UIInterfaceOrientationPortrait UIInterfaceOrientationPortraitUpsideDown UIInterfaceOrientationLandscapeLeft UIInterfaceOrientationLandscapeRight";
				INFOPLIST_KEY_UISupportedInterfaceOrientations_iPhone = "UIInterfaceOrientationPortrait UIInterfaceOrientationLandscapeLeft UIInterfaceOrientationLandscapeRight";
				LD_RUNPATH_SEARCH_PATHS = (
					"$(inherited)",
					"@executable_path/Frameworks",
				);
				MARKETING_VERSION = 1.0;
				PRODUCT_BUNDLE_IDENTIFIER = com.nodi.RickMorty;
				PRODUCT_NAME = "$(TARGET_NAME)";
				SWIFT_EMIT_LOC_STRINGS = YES;
				SWIFT_VERSION = 5.0;
				TARGETED_DEVICE_FAMILY = "1,2";
			};
			name = Release;
		};
/* End XCBuildConfiguration section */

/* Begin XCConfigurationList section */
		C4F7642A298FE1F30052758D /* Build configuration list for PBXProject "RickMorty" */ = {
			isa = XCConfigurationList;
			buildConfigurations = (
				C4F76441298FE1F70052758D /* Debug */,
				C4F76442298FE1F70052758D /* Release */,
			);
			defaultConfigurationIsVisible = 0;
			defaultConfigurationName = Release;
		};
		C4F76443298FE1F70052758D /* Build configuration list for PBXNativeTarget "RickMorty" */ = {
			isa = XCConfigurationList;
			buildConfigurations = (
				C4F76444298FE1F70052758D /* Debug */,
				C4F76445298FE1F70052758D /* Release */,
			);
			defaultConfigurationIsVisible = 0;
			defaultConfigurationName = Release;
		};
/* End XCConfigurationList section */
	};
	rootObject = C4F76427298FE1F30052758D /* Project object */;
}
